// !$*UTF8*$!
{
	archiveVersion = 1;
	classes = {
	};
	objectVersion = 56;
	objects = {

/* Begin PBXBuildFile section */
		4BD2444B2B4BC75C005CE2AB /* AppDelegate.swift in Sources */ = {isa = PBXBuildFile; fileRef = 4BD2444A2B4BC75C005CE2AB /* AppDelegate.swift */; };
		4BD2444D2B4BC75C005CE2AB /* SceneDelegate.swift in Sources */ = {isa = PBXBuildFile; fileRef = 4BD2444C2B4BC75C005CE2AB /* SceneDelegate.swift */; };
		4BD2444F2B4BC75C005CE2AB /* ViewController.swift in Sources */ = {isa = PBXBuildFile; fileRef = 4BD2444E2B4BC75C005CE2AB /* ViewController.swift */; };
		4BD244542B4BC75E005CE2AB /* Assets.xcassets in Resources */ = {isa = PBXBuildFile; fileRef = 4BD244532B4BC75E005CE2AB /* Assets.xcassets */; };
		4BD244572B4BC75E005CE2AB /* LaunchScreen.storyboard in Resources */ = {isa = PBXBuildFile; fileRef = 4BD244552B4BC75E005CE2AB /* LaunchScreen.storyboard */; };
		4BD244632B4BC8C6005CE2AB /* Then in Frameworks */ = {isa = PBXBuildFile; productRef = 4BD244622B4BC8C6005CE2AB /* Then */; };
		4BD244662B4BC8D1005CE2AB /* SnapKit in Frameworks */ = {isa = PBXBuildFile; productRef = 4BD244652B4BC8D1005CE2AB /* SnapKit */; };
		4BD2446B2B4BC8DD005CE2AB /* RxBlocking in Frameworks */ = {isa = PBXBuildFile; productRef = 4BD2446A2B4BC8DD005CE2AB /* RxBlocking */; };
		4BD2446F2B4BC8DD005CE2AB /* RxCocoa in Frameworks */ = {isa = PBXBuildFile; productRef = 4BD2446E2B4BC8DD005CE2AB /* RxCocoa */; };
		4BD244732B4BC8DD005CE2AB /* RxRelay in Frameworks */ = {isa = PBXBuildFile; productRef = 4BD244722B4BC8DD005CE2AB /* RxRelay */; };
		4BD244762B4BCD66005CE2AB /* RxAnimated in Frameworks */ = {isa = PBXBuildFile; productRef = 4BD244752B4BCD66005CE2AB /* RxAnimated */; };
		4BD244782B4BCD66005CE2AB /* RxCocoaRuntime in Frameworks */ = {isa = PBXBuildFile; productRef = 4BD244772B4BCD66005CE2AB /* RxCocoaRuntime */; };
/* End PBXBuildFile section */

/* Begin PBXFileReference section */
		4BD244472B4BC75C005CE2AB /* Fidget.app */ = {isa = PBXFileReference; explicitFileType = wrapper.application; includeInIndex = 0; path = Fidget.app; sourceTree = BUILT_PRODUCTS_DIR; };
		4BD2444A2B4BC75C005CE2AB /* AppDelegate.swift */ = {isa = PBXFileReference; lastKnownFileType = sourcecode.swift; path = AppDelegate.swift; sourceTree = "<group>"; };
		4BD2444C2B4BC75C005CE2AB /* SceneDelegate.swift */ = {isa = PBXFileReference; lastKnownFileType = sourcecode.swift; path = SceneDelegate.swift; sourceTree = "<group>"; };
		4BD2444E2B4BC75C005CE2AB /* ViewController.swift */ = {isa = PBXFileReference; lastKnownFileType = sourcecode.swift; path = ViewController.swift; sourceTree = "<group>"; };
		4BD244532B4BC75E005CE2AB /* Assets.xcassets */ = {isa = PBXFileReference; lastKnownFileType = folder.assetcatalog; path = Assets.xcassets; sourceTree = "<group>"; };
		4BD244562B4BC75E005CE2AB /* Base */ = {isa = PBXFileReference; lastKnownFileType = file.storyboard; name = Base; path = Base.lproj/LaunchScreen.storyboard; sourceTree = "<group>"; };
		4BD244582B4BC75E005CE2AB /* Info.plist */ = {isa = PBXFileReference; lastKnownFileType = text.plist.xml; path = Info.plist; sourceTree = "<group>"; };
/* End PBXFileReference section */

/* Begin PBXFrameworksBuildPhase section */
		4BD244442B4BC75C005CE2AB /* Frameworks */ = {
			isa = PBXFrameworksBuildPhase;
			buildActionMask = 2147483647;
			files = (
				4BD2446F2B4BC8DD005CE2AB /* RxCocoa in Frameworks */,
				4BD244762B4BCD66005CE2AB /* RxAnimated in Frameworks */,
				4BD244632B4BC8C6005CE2AB /* Then in Frameworks */,
				4BD2446B2B4BC8DD005CE2AB /* RxBlocking in Frameworks */,
				4BD244662B4BC8D1005CE2AB /* SnapKit in Frameworks */,
				4BD244732B4BC8DD005CE2AB /* RxRelay in Frameworks */,
				4BD244782B4BCD66005CE2AB /* RxCocoaRuntime in Frameworks */,
			);
			runOnlyForDeploymentPostprocessing = 0;
		};
/* End PBXFrameworksBuildPhase section */

/* Begin PBXGroup section */
		4BD2443E2B4BC75C005CE2AB = {
			isa = PBXGroup;
			children = (
				4BD244492B4BC75C005CE2AB /* Fidget */,
				4BD244482B4BC75C005CE2AB /* Products */,
			);
			sourceTree = "<group>";
		};
		4BD244482B4BC75C005CE2AB /* Products */ = {
			isa = PBXGroup;
			children = (
				4BD244472B4BC75C005CE2AB /* Fidget.app */,
			);
			name = Products;
			sourceTree = "<group>";
		};
		4BD244492B4BC75C005CE2AB /* Fidget */ = {
			isa = PBXGroup;
			children = (
				4BD2445F2B4BC7ED005CE2AB /* App */,
				4BD2445E2B4BC7B5005CE2AB /* Resource */,
				4BD244602B4BC7F7005CE2AB /* Source */,
			);
			path = Fidget;
			sourceTree = "<group>";
		};
		4BD2445E2B4BC7B5005CE2AB /* Resource */ = {
			isa = PBXGroup;
			children = (
				4BD244532B4BC75E005CE2AB /* Assets.xcassets */,
				4BD244552B4BC75E005CE2AB /* LaunchScreen.storyboard */,
				4BD244582B4BC75E005CE2AB /* Info.plist */,
			);
			path = Resource;
			sourceTree = "<group>";
		};
		4BD2445F2B4BC7ED005CE2AB /* App */ = {
			isa = PBXGroup;
			children = (
				4BD2444A2B4BC75C005CE2AB /* AppDelegate.swift */,
				4BD2444C2B4BC75C005CE2AB /* SceneDelegate.swift */,
			);
			path = App;
			sourceTree = "<group>";
		};
		4BD244602B4BC7F7005CE2AB /* Source */ = {
			isa = PBXGroup;
			children = (
				4BD2444E2B4BC75C005CE2AB /* ViewController.swift */,
			);
			path = Source;
			sourceTree = "<group>";
		};
/* End PBXGroup section */

/* Begin PBXNativeTarget section */
		4BD244462B4BC75C005CE2AB /* Fidget */ = {
			isa = PBXNativeTarget;
			buildConfigurationList = 4BD2445B2B4BC75E005CE2AB /* Build configuration list for PBXNativeTarget "Fidget" */;
			buildPhases = (
				4BD244432B4BC75C005CE2AB /* Sources */,
				4BD244442B4BC75C005CE2AB /* Frameworks */,
				4BD244452B4BC75C005CE2AB /* Resources */,
			);
			buildRules = (
			);
			dependencies = (
			);
			name = Fidget;
			packageProductDependencies = (
				4BD244622B4BC8C6005CE2AB /* Then */,
				4BD244652B4BC8D1005CE2AB /* SnapKit */,
				4BD2446A2B4BC8DD005CE2AB /* RxBlocking */,
				4BD2446E2B4BC8DD005CE2AB /* RxCocoa */,
				4BD244722B4BC8DD005CE2AB /* RxRelay */,
				4BD244752B4BCD66005CE2AB /* RxAnimated */,
				4BD244772B4BCD66005CE2AB /* RxCocoaRuntime */,
			);
			productName = Fidget;
			productReference = 4BD244472B4BC75C005CE2AB /* Fidget.app */;
			productType = "com.apple.product-type.application";
		};
/* End PBXNativeTarget section */

/* Begin PBXProject section */
		4BD2443F2B4BC75C005CE2AB /* Project object */ = {
			isa = PBXProject;
			attributes = {
				BuildIndependentTargetsInParallel = 1;
				LastSwiftUpdateCheck = 1500;
				LastUpgradeCheck = 1500;
				TargetAttributes = {
					4BD244462B4BC75C005CE2AB = {
						CreatedOnToolsVersion = 15.0;
					};
				};
			};
			buildConfigurationList = 4BD244422B4BC75C005CE2AB /* Build configuration list for PBXProject "Fidget" */;
			compatibilityVersion = "Xcode 14.0";
			developmentRegion = en;
			hasScannedForEncodings = 0;
			knownRegions = (
				en,
				Base,
			);
			mainGroup = 4BD2443E2B4BC75C005CE2AB;
			packageReferences = (
				4BD244612B4BC8C6005CE2AB /* XCRemoteSwiftPackageReference "Then" */,
				4BD244642B4BC8D1005CE2AB /* XCRemoteSwiftPackageReference "SnapKit" */,
				4BD244692B4BC8DD005CE2AB /* XCRemoteSwiftPackageReference "RxSwift" */,
				4BD244742B4BCD66005CE2AB /* XCRemoteSwiftPackageReference "RxAnimated" */,
			);
			productRefGroup = 4BD244482B4BC75C005CE2AB /* Products */;
			projectDirPath = "";
			projectRoot = "";
			targets = (
				4BD244462B4BC75C005CE2AB /* Fidget */,
			);
		};
/* End PBXProject section */

/* Begin PBXResourcesBuildPhase section */
		4BD244452B4BC75C005CE2AB /* Resources */ = {
			isa = PBXResourcesBuildPhase;
			buildActionMask = 2147483647;
			files = (
				4BD244572B4BC75E005CE2AB /* LaunchScreen.storyboard in Resources */,
				4BD244542B4BC75E005CE2AB /* Assets.xcassets in Resources */,
			);
			runOnlyForDeploymentPostprocessing = 0;
		};
/* End PBXResourcesBuildPhase section */

/* Begin PBXSourcesBuildPhase section */
		4BD244432B4BC75C005CE2AB /* Sources */ = {
			isa = PBXSourcesBuildPhase;
			buildActionMask = 2147483647;
			files = (
				4BD2444F2B4BC75C005CE2AB /* ViewController.swift in Sources */,
				4BD2444B2B4BC75C005CE2AB /* AppDelegate.swift in Sources */,
				4BD2444D2B4BC75C005CE2AB /* SceneDelegate.swift in Sources */,
			);
			runOnlyForDeploymentPostprocessing = 0;
		};
/* End PBXSourcesBuildPhase section */

/* Begin PBXVariantGroup section */
		4BD244552B4BC75E005CE2AB /* LaunchScreen.storyboard */ = {
			isa = PBXVariantGroup;
			children = (
				4BD244562B4BC75E005CE2AB /* Base */,
			);
			name = LaunchScreen.storyboard;
			sourceTree = "<group>";
		};
/* End PBXVariantGroup section */

/* Begin XCBuildConfiguration section */
		4BD244592B4BC75E005CE2AB /* Debug */ = {
			isa = XCBuildConfiguration;
			buildSettings = {
				ALWAYS_SEARCH_USER_PATHS = NO;
				ASSETCATALOG_COMPILER_GENERATE_SWIFT_ASSET_SYMBOL_EXTENSIONS = YES;
				CLANG_ANALYZER_NONNULL = YES;
				CLANG_ANALYZER_NUMBER_OBJECT_CONVERSION = YES_AGGRESSIVE;
				CLANG_CXX_LANGUAGE_STANDARD = "gnu++20";
				CLANG_ENABLE_MODULES = YES;
				CLANG_ENABLE_OBJC_ARC = YES;
				CLANG_ENABLE_OBJC_WEAK = YES;
				CLANG_WARN_BLOCK_CAPTURE_AUTORELEASING = YES;
				CLANG_WARN_BOOL_CONVERSION = YES;
				CLANG_WARN_COMMA = YES;
				CLANG_WARN_CONSTANT_CONVERSION = YES;
				CLANG_WARN_DEPRECATED_OBJC_IMPLEMENTATIONS = YES;
				CLANG_WARN_DIRECT_OBJC_ISA_USAGE = YES_ERROR;
				CLANG_WARN_DOCUMENTATION_COMMENTS = YES;
				CLANG_WARN_EMPTY_BODY = YES;
				CLANG_WARN_ENUM_CONVERSION = YES;
				CLANG_WARN_INFINITE_RECURSION = YES;
				CLANG_WARN_INT_CONVERSION = YES;
				CLANG_WARN_NON_LITERAL_NULL_CONVERSION = YES;
				CLANG_WARN_OBJC_IMPLICIT_RETAIN_SELF = YES;
				CLANG_WARN_OBJC_LITERAL_CONVERSION = YES;
				CLANG_WARN_OBJC_ROOT_CLASS = YES_ERROR;
				CLANG_WARN_QUOTED_INCLUDE_IN_FRAMEWORK_HEADER = YES;
				CLANG_WARN_RANGE_LOOP_ANALYSIS = YES;
				CLANG_WARN_STRICT_PROTOTYPES = YES;
				CLANG_WARN_SUSPICIOUS_MOVE = YES;
				CLANG_WARN_UNGUARDED_AVAILABILITY = YES_AGGRESSIVE;
				CLANG_WARN_UNREACHABLE_CODE = YES;
				CLANG_WARN__DUPLICATE_METHOD_MATCH = YES;
				COPY_PHASE_STRIP = NO;
				DEBUG_INFORMATION_FORMAT = dwarf;
				ENABLE_STRICT_OBJC_MSGSEND = YES;
				ENABLE_TESTABILITY = YES;
				ENABLE_USER_SCRIPT_SANDBOXING = YES;
				GCC_C_LANGUAGE_STANDARD = gnu17;
				GCC_DYNAMIC_NO_PIC = NO;
				GCC_NO_COMMON_BLOCKS = YES;
				GCC_OPTIMIZATION_LEVEL = 0;
				GCC_PREPROCESSOR_DEFINITIONS = (
					"DEBUG=1",
					"$(inherited)",
				);
				GCC_WARN_64_TO_32_BIT_CONVERSION = YES;
				GCC_WARN_ABOUT_RETURN_TYPE = YES_ERROR;
				GCC_WARN_UNDECLARED_SELECTOR = YES;
				GCC_WARN_UNINITIALIZED_AUTOS = YES_AGGRESSIVE;
				GCC_WARN_UNUSED_FUNCTION = YES;
				GCC_WARN_UNUSED_VARIABLE = YES;
				IPHONEOS_DEPLOYMENT_TARGET = 17.0;
				LOCALIZATION_PREFERS_STRING_CATALOGS = YES;
				MTL_ENABLE_DEBUG_INFO = INCLUDE_SOURCE;
				MTL_FAST_MATH = YES;
				ONLY_ACTIVE_ARCH = YES;
				SDKROOT = iphoneos;
				SWIFT_ACTIVE_COMPILATION_CONDITIONS = "DEBUG $(inherited)";
				SWIFT_OPTIMIZATION_LEVEL = "-Onone";
			};
			name = Debug;
		};
		4BD2445A2B4BC75E005CE2AB /* Release */ = {
			isa = XCBuildConfiguration;
			buildSettings = {
				ALWAYS_SEARCH_USER_PATHS = NO;
				ASSETCATALOG_COMPILER_GENERATE_SWIFT_ASSET_SYMBOL_EXTENSIONS = YES;
				CLANG_ANALYZER_NONNULL = YES;
				CLANG_ANALYZER_NUMBER_OBJECT_CONVERSION = YES_AGGRESSIVE;
				CLANG_CXX_LANGUAGE_STANDARD = "gnu++20";
				CLANG_ENABLE_MODULES = YES;
				CLANG_ENABLE_OBJC_ARC = YES;
				CLANG_ENABLE_OBJC_WEAK = YES;
				CLANG_WARN_BLOCK_CAPTURE_AUTORELEASING = YES;
				CLANG_WARN_BOOL_CONVERSION = YES;
				CLANG_WARN_COMMA = YES;
				CLANG_WARN_CONSTANT_CONVERSION = YES;
				CLANG_WARN_DEPRECATED_OBJC_IMPLEMENTATIONS = YES;
				CLANG_WARN_DIRECT_OBJC_ISA_USAGE = YES_ERROR;
				CLANG_WARN_DOCUMENTATION_COMMENTS = YES;
				CLANG_WARN_EMPTY_BODY = YES;
				CLANG_WARN_ENUM_CONVERSION = YES;
				CLANG_WARN_INFINITE_RECURSION = YES;
				CLANG_WARN_INT_CONVERSION = YES;
				CLANG_WARN_NON_LITERAL_NULL_CONVERSION = YES;
				CLANG_WARN_OBJC_IMPLICIT_RETAIN_SELF = YES;
				CLANG_WARN_OBJC_LITERAL_CONVERSION = YES;
				CLANG_WARN_OBJC_ROOT_CLASS = YES_ERROR;
				CLANG_WARN_QUOTED_INCLUDE_IN_FRAMEWORK_HEADER = YES;
				CLANG_WARN_RANGE_LOOP_ANALYSIS = YES;
				CLANG_WARN_STRICT_PROTOTYPES = YES;
				CLANG_WARN_SUSPICIOUS_MOVE = YES;
				CLANG_WARN_UNGUARDED_AVAILABILITY = YES_AGGRESSIVE;
				CLANG_WARN_UNREACHABLE_CODE = YES;
				CLANG_WARN__DUPLICATE_METHOD_MATCH = YES;
				COPY_PHASE_STRIP = NO;
				DEBUG_INFORMATION_FORMAT = "dwarf-with-dsym";
				ENABLE_NS_ASSERTIONS = NO;
				ENABLE_STRICT_OBJC_MSGSEND = YES;
				ENABLE_USER_SCRIPT_SANDBOXING = YES;
				GCC_C_LANGUAGE_STANDARD = gnu17;
				GCC_NO_COMMON_BLOCKS = YES;
				GCC_WARN_64_TO_32_BIT_CONVERSION = YES;
				GCC_WARN_ABOUT_RETURN_TYPE = YES_ERROR;
				GCC_WARN_UNDECLARED_SELECTOR = YES;
				GCC_WARN_UNINITIALIZED_AUTOS = YES_AGGRESSIVE;
				GCC_WARN_UNUSED_FUNCTION = YES;
				GCC_WARN_UNUSED_VARIABLE = YES;
				IPHONEOS_DEPLOYMENT_TARGET = 17.0;
				LOCALIZATION_PREFERS_STRING_CATALOGS = YES;
				MTL_ENABLE_DEBUG_INFO = NO;
				MTL_FAST_MATH = YES;
				SDKROOT = iphoneos;
				SWIFT_COMPILATION_MODE = wholemodule;
				VALIDATE_PRODUCT = YES;
			};
			name = Release;
		};
		4BD2445C2B4BC75E005CE2AB /* Debug */ = {
			isa = XCBuildConfiguration;
			buildSettings = {
				ASSETCATALOG_COMPILER_APPICON_NAME = AppIcon;
				ASSETCATALOG_COMPILER_GLOBAL_ACCENT_COLOR_NAME = AccentColor;
				CODE_SIGN_STYLE = Automatic;
				CURRENT_PROJECT_VERSION = 1;
				DEVELOPMENT_TEAM = 629Q9H7922;
				GENERATE_INFOPLIST_FILE = YES;
				INFOPLIST_FILE = Fidget/Resource/Info.plist;
				INFOPLIST_KEY_UIApplicationSupportsIndirectInputEvents = YES;
				INFOPLIST_KEY_UILaunchStoryboardName = LaunchScreen;
				INFOPLIST_KEY_UIMainStoryboardFile = "";
				INFOPLIST_KEY_UISupportedInterfaceOrientations_iPad = "UIInterfaceOrientationPortrait UIInterfaceOrientationPortraitUpsideDown UIInterfaceOrientationLandscapeLeft UIInterfaceOrientationLandscapeRight";
				INFOPLIST_KEY_UISupportedInterfaceOrientations_iPhone = "UIInterfaceOrientationPortrait UIInterfaceOrientationLandscapeLeft UIInterfaceOrientationLandscapeRight";
				LD_RUNPATH_SEARCH_PATHS = (
					"$(inherited)",
					"@executable_path/Frameworks",
				);
				MARKETING_VERSION = 1.0;
				PRODUCT_BUNDLE_IDENTIFIER = com.project.Fidget;
				PRODUCT_NAME = "$(TARGET_NAME)";
				SWIFT_EMIT_LOC_STRINGS = YES;
				SWIFT_VERSION = 5.0;
				TARGETED_DEVICE_FAMILY = "1,2";
			};
			name = Debug;
		};
		4BD2445D2B4BC75E005CE2AB /* Release */ = {
			isa = XCBuildConfiguration;
			buildSettings = {
				ASSETCATALOG_COMPILER_APPICON_NAME = AppIcon;
				ASSETCATALOG_COMPILER_GLOBAL_ACCENT_COLOR_NAME = AccentColor;
				CODE_SIGN_STYLE = Automatic;
				CURRENT_PROJECT_VERSION = 1;
				DEVELOPMENT_TEAM = 629Q9H7922;
				GENERATE_INFOPLIST_FILE = YES;
				INFOPLIST_FILE = Fidget/Resource/Info.plist;
				INFOPLIST_KEY_UIApplicationSupportsIndirectInputEvents = YES;
				INFOPLIST_KEY_UILaunchStoryboardName = LaunchScreen;
				INFOPLIST_KEY_UIMainStoryboardFile = "";
				INFOPLIST_KEY_UISupportedInterfaceOrientations_iPad = "UIInterfaceOrientationPortrait UIInterfaceOrientationPortraitUpsideDown UIInterfaceOrientationLandscapeLeft UIInterfaceOrientationLandscapeRight";
				INFOPLIST_KEY_UISupportedInterfaceOrientations_iPhone = "UIInterfaceOrientationPortrait UIInterfaceOrientationLandscapeLeft UIInterfaceOrientationLandscapeRight";
				LD_RUNPATH_SEARCH_PATHS = (
					"$(inherited)",
					"@executable_path/Frameworks",
				);
				MARKETING_VERSION = 1.0;
				PRODUCT_BUNDLE_IDENTIFIER = com.project.Fidget;
				PRODUCT_NAME = "$(TARGET_NAME)";
				SWIFT_EMIT_LOC_STRINGS = YES;
				SWIFT_VERSION = 5.0;
				TARGETED_DEVICE_FAMILY = "1,2";
			};
			name = Release;
		};
/* End XCBuildConfiguration section */

/* Begin XCConfigurationList section */
		4BD244422B4BC75C005CE2AB /* Build configuration list for PBXProject "Fidget" */ = {
			isa = XCConfigurationList;
			buildConfigurations = (
				4BD244592B4BC75E005CE2AB /* Debug */,
				4BD2445A2B4BC75E005CE2AB /* Release */,
			);
			defaultConfigurationIsVisible = 0;
			defaultConfigurationName = Release;
		};
		4BD2445B2B4BC75E005CE2AB /* Build configuration list for PBXNativeTarget "Fidget" */ = {
			isa = XCConfigurationList;
			buildConfigurations = (
				4BD2445C2B4BC75E005CE2AB /* Debug */,
				4BD2445D2B4BC75E005CE2AB /* Release */,
			);
			defaultConfigurationIsVisible = 0;
			defaultConfigurationName = Release;
		};
/* End XCConfigurationList section */

/* Begin XCRemoteSwiftPackageReference section */
		4BD244612B4BC8C6005CE2AB /* XCRemoteSwiftPackageReference "Then" */ = {
			isa = XCRemoteSwiftPackageReference;
			repositoryURL = "https://github.com/devxoul/Then";
			requirement = {
				kind = upToNextMajorVersion;
				minimumVersion = 3.0.0;
			};
		};
		4BD244642B4BC8D1005CE2AB /* XCRemoteSwiftPackageReference "SnapKit" */ = {
			isa = XCRemoteSwiftPackageReference;
			repositoryURL = "https://github.com/SnapKit/SnapKit";
			requirement = {
				kind = upToNextMajorVersion;
				minimumVersion = 5.7.0;
			};
		};
		4BD244692B4BC8DD005CE2AB /* XCRemoteSwiftPackageReference "RxSwift" */ = {
			isa = XCRemoteSwiftPackageReference;
			repositoryURL = "https://github.com/ReactiveX/RxSwift";
			requirement = {
				kind = upToNextMajorVersion;
				minimumVersion = 6.6.0;
			};
		};
		4BD244742B4BCD66005CE2AB /* XCRemoteSwiftPackageReference "RxAnimated" */ = {
			isa = XCRemoteSwiftPackageReference;
			repositoryURL = "https://github.com/RxSwiftCommunity/RxAnimated.git";
			requirement = {
				kind = upToNextMajorVersion;
				minimumVersion = 0.9.0;
			};
		};
/* End XCRemoteSwiftPackageReference section */

/* Begin XCSwiftPackageProductDependency section */
		4BD244622B4BC8C6005CE2AB /* Then */ = {
			isa = XCSwiftPackageProductDependency;
			package = 4BD244612B4BC8C6005CE2AB /* XCRemoteSwiftPackageReference "Then" */;
			productName = Then;
		};
		4BD244652B4BC8D1005CE2AB /* SnapKit */ = {
			isa = XCSwiftPackageProductDependency;
			package = 4BD244642B4BC8D1005CE2AB /* XCRemoteSwiftPackageReference "SnapKit" */;
			productName = SnapKit;
		};
		4BD2446A2B4BC8DD005CE2AB /* RxBlocking */ = {
			isa = XCSwiftPackageProductDependency;
			package = 4BD244692B4BC8DD005CE2AB /* XCRemoteSwiftPackageReference "RxSwift" */;
			productName = RxBlocking;
		};
		4BD2446E2B4BC8DD005CE2AB /* RxCocoa */ = {
			isa = XCSwiftPackageProductDependency;
			package = 4BD244692B4BC8DD005CE2AB /* XCRemoteSwiftPackageReference "RxSwift" */;
			productName = RxCocoa;
		};
		4BD244722B4BC8DD005CE2AB /* RxRelay */ = {
			isa = XCSwiftPackageProductDependency;
			package = 4BD244692B4BC8DD005CE2AB /* XCRemoteSwiftPackageReference "RxSwift" */;
			productName = RxRelay;
		};
		4BD244752B4BCD66005CE2AB /* RxAnimated */ = {
			isa = XCSwiftPackageProductDependency;
			package = 4BD244742B4BCD66005CE2AB /* XCRemoteSwiftPackageReference "RxAnimated" */;
			productName = RxAnimated;
		};
		4BD244772B4BCD66005CE2AB /* RxCocoaRuntime */ = {
			isa = XCSwiftPackageProductDependency;
			package = 4BD244742B4BCD66005CE2AB /* XCRemoteSwiftPackageReference "RxAnimated" */;
			productName = RxCocoaRuntime;
		};
/* End XCSwiftPackageProductDependency section */
	};
	rootObject = 4BD2443F2B4BC75C005CE2AB /* Project object */;
}
